
Microsoft Visual Studio Solution File, Format Version 12.00
# Visual Studio Version 17
VisualStudioVersion = 17.11.35312.102
MinimumVisualStudioVersion = 10.0.40219.1
Project("{FAE04EC0-301F-11D3-BF4B-00C04F79EFBC}") = "bgt_30ekim_3", "bgt_30ekim_3\bgt_30ekim_3.csproj", "{0E58D205-0728-42E3-AF85-A2EFF1C7E05C}"
EndProject
Global
	GlobalSection(SolutionConfigurationPlatforms) = preSolution
		Debug|Any CPU = Debug|Any CPU
		Release|Any CPU = Release|Any CPU
	EndGlobalSection
	GlobalSection(ProjectConfigurationPlatforms) = postSolution
		{0E58D205-0728-42E3-AF85-A2EFF1C7E05C}.Debug|Any CPU.ActiveCfg = Debug|Any CPU
		{0E58D205-0728-42E3-AF85-A2EFF1C7E05C}.Debug|Any CPU.Build.0 = Debug|Any CPU
		{0E58D205-0728-42E3-AF85-A2EFF1C7E05C}.Release|Any CPU.ActiveCfg = Release|Any CPU
		{0E58D205-0728-42E3-AF85-A2EFF1C7E05C}.Release|Any CPU.Build.0 = Release|Any CPU
	EndGlobalSection
	GlobalSection(SolutionProperties) = preSolution
		HideSolutionNode = FALSE
	EndGlobalSection
	GlobalSection(ExtensibilityGlobals) = postSolution
		SolutionGuid = {AB44F07D-5A68-43C4-B0E9-3ADE5A661CED}
	EndGlobalSection
EndGlobal
